{
    "name": "@chemistry/gcs-to-database",
    "version": "0.0.1",
    "lockfileVersion": 1,
    "requires": true,
    "dependencies": {
        "@chemistry/common-functions": {
            "version": "0.0.1",
            "resolved": "https://registry.npmjs.org/@chemistry/common-functions/-/common-functions-0.0.1.tgz",
            "integrity": "sha512-ns1bF/7wXjPBcEGgwdrIvXX9L92LmT/+pCc2VOLtlnlKXKqhmwhLjBtDmqkVVeEZFVQuSZ5/HIImncYZWTGCTA=="
        }
    }
}
