{
    "name": "@chemistry/cif-2-json",
    "version": "0.0.18",
    "lockfileVersion": 2,
    "requires": true,
    "packages": {
        "": {
            "name": "@chemistry/cif-2-json",
            "version": "0.0.18",
            "engines": {
                "node": ">=6.0.0"
            }
        }
    }
}
